
Microsoft Visual Studio Solution File, Format Version 12.00
# Visual Studio Version 16
VisualStudioVersion = 16.0.31129.286
MinimumVisualStudioVersion = 10.0.40219.1
Project("{FAE04EC0-301F-11D3-BF4B-00C04F79EFBC}") = "CarEvent", "CarEvent.csproj", "{454636C9-5430-4048-BD36-525FB8193D8C}"
EndProject
Global
	GlobalSection(SolutionConfigurationPlatforms) = preSolution
		Debug|Any CPU = Debug|Any CPU
		Release|Any CPU = Release|Any CPU
	EndGlobalSection
	GlobalSection(ProjectConfigurationPlatforms) = postSolution
		{454636C9-5430-4048-BD36-525FB8193D8C}.Debug|Any CPU.ActiveCfg = Debug|Any CPU
		{454636C9-5430-4048-BD36-525FB8193D8C}.Debug|Any CPU.Build.0 = Debug|Any CPU
		{454636C9-5430-4048-BD36-525FB8193D8C}.Release|Any CPU.ActiveCfg = Release|Any CPU
		{454636C9-5430-4048-BD36-525FB8193D8C}.Release|Any CPU.Build.0 = Release|Any CPU
	EndGlobalSection
	GlobalSection(SolutionProperties) = preSolution
		HideSolutionNode = FALSE
	EndGlobalSection
	GlobalSection(ExtensibilityGlobals) = postSolution
		SolutionGuid = {ACE3725B-F8B9-4540-AB8F-A59EB14352B4}
	EndGlobalSection
EndGlobal
